// !$*UTF8*$!
{
	archiveVersion = 1;
	classes = {
	};
	objectVersion = 46;
	objects = {

/* Begin PBXBuildFile section */
		48E3806DA5504511C5895F06 /* Pods_ZxpUtilsTests.framework in Frameworks */ = {isa = PBXBuildFile; fileRef = 946DF7778CB0C947BE7DB5FF /* Pods_ZxpUtilsTests.framework */; };
		6056CC6B6BA40C52D23CC4EB /* Pods_ZxpUtilsUITests.framework in Frameworks */ = {isa = PBXBuildFile; fileRef = B7A7D9D40BD3C5F229FA56D9 /* Pods_ZxpUtilsUITests.framework */; };
		6607E8652073421800A4A0E5 /* TableViewUtils.swift in Sources */ = {isa = PBXBuildFile; fileRef = 6607E8642073421800A4A0E5 /* TableViewUtils.swift */; };
		6607E869207353E600A4A0E5 /* ZXPImagePickerGridVC.swift in Sources */ = {isa = PBXBuildFile; fileRef = 6607E868207353E600A4A0E5 /* ZXPImagePickerGridVC.swift */; };
		6607E86B20735D6B00A4A0E5 /* ZXPTestTableViewController.swift in Sources */ = {isa = PBXBuildFile; fileRef = 6607E86A20735D6B00A4A0E5 /* ZXPTestTableViewController.swift */; };
		6607E86D20735FB200A4A0E5 /* ImagePickerAndBrowserController.swift in Sources */ = {isa = PBXBuildFile; fileRef = 6607E86C20735FB200A4A0E5 /* ImagePickerAndBrowserController.swift */; };
		6607E86F207372B500A4A0E5 /* ZXPImagePickerGridCell.swift in Sources */ = {isa = PBXBuildFile; fileRef = 6607E86E207372B500A4A0E5 /* ZXPImagePickerGridCell.swift */; };
		66294D3C20732BF7000B57D3 /* ZxpUtils.swift in Sources */ = {isa = PBXBuildFile; fileRef = 66294D3B20732BF7000B57D3 /* ZxpUtils.swift */; };
		66294D3F20732C72000B57D3 /* ZXPImagePickerTableVC.swift in Sources */ = {isa = PBXBuildFile; fileRef = 66294D3E20732C72000B57D3 /* ZXPImagePickerTableVC.swift */; };
		664AE9822089CBA600EB5621 /* ZXPAlertController.swift in Sources */ = {isa = PBXBuildFile; fileRef = 664AE9812089CBA600EB5621 /* ZXPAlertController.swift */; };
		664AE9842089D41500EB5621 /* ZXPPopModalVc.swift in Sources */ = {isa = PBXBuildFile; fileRef = 664AE9832089D41500EB5621 /* ZXPPopModalVc.swift */; };
		668120C62069F015002FD309 /* AssetsLibrary.framework in Frameworks */ = {isa = PBXBuildFile; fileRef = 668120C52069F014002FD309 /* AssetsLibrary.framework */; };
		668120C82069F01F002FD309 /* AVFoundation.framework in Frameworks */ = {isa = PBXBuildFile; fileRef = 668120C72069F01F002FD309 /* AVFoundation.framework */; };
		668120CA2069F029002FD309 /* MediaPlayer.framework in Frameworks */ = {isa = PBXBuildFile; fileRef = 668120C92069F029002FD309 /* MediaPlayer.framework */; };
		6697FDD3208F07B900934249 /* TestTransitionFromViewController.swift in Sources */ = {isa = PBXBuildFile; fileRef = 6697FDD2208F07B900934249 /* TestTransitionFromViewController.swift */; };
		66A3A22D200760DA001D8723 /* AppDelegate.swift in Sources */ = {isa = PBXBuildFile; fileRef = 66A3A22C200760DA001D8723 /* AppDelegate.swift */; };
		66A3A22F200760DA001D8723 /* ViewController.swift in Sources */ = {isa = PBXBuildFile; fileRef = 66A3A22E200760DA001D8723 /* ViewController.swift */; };
		66A3A232200760DA001D8723 /* Main.storyboard in Resources */ = {isa = PBXBuildFile; fileRef = 66A3A230200760DA001D8723 /* Main.storyboard */; };
		66A3A234200760DA001D8723 /* Assets.xcassets in Resources */ = {isa = PBXBuildFile; fileRef = 66A3A233200760DA001D8723 /* Assets.xcassets */; };
		66A3A237200760DA001D8723 /* LaunchScreen.storyboard in Resources */ = {isa = PBXBuildFile; fileRef = 66A3A235200760DA001D8723 /* LaunchScreen.storyboard */; };
		66A3A242200760DA001D8723 /* ZxpUtilsTests.swift in Sources */ = {isa = PBXBuildFile; fileRef = 66A3A241200760DA001D8723 /* ZxpUtilsTests.swift */; };
		66A3A24D200760DA001D8723 /* ZxpUtilsUITests.swift in Sources */ = {isa = PBXBuildFile; fileRef = 66A3A24C200760DA001D8723 /* ZxpUtilsUITests.swift */; };
		66C561E32074B98900C77A7E /* ZXPImagePreviewVC.swift in Sources */ = {isa = PBXBuildFile; fileRef = 66C561E22074B98900C77A7E /* ZXPImagePreviewVC.swift */; };
		66C561E52074BD4E00C77A7E /* ZXPImagePreviewGridCell.swift in Sources */ = {isa = PBXBuildFile; fileRef = 66C561E42074BD4E00C77A7E /* ZXPImagePreviewGridCell.swift */; };
		85441F2E423D1CF61300A0B3 /* Pods_ZxpUtils.framework in Frameworks */ = {isa = PBXBuildFile; fileRef = 5B49F9896CF5C8C4948FB5EA /* Pods_ZxpUtils.framework */; };
		C71538F62007A96E0020EC3B /* ZXPAppleImagePickerController.swift in Sources */ = {isa = PBXBuildFile; fileRef = C71538F52007A96E0020EC3B /* ZXPAppleImagePickerController.swift */; };
		C7229736208F7098007B5CAC /* ZXPImageBrowserVC.swift in Sources */ = {isa = PBXBuildFile; fileRef = C7229735208F7098007B5CAC /* ZXPImageBrowserVC.swift */; };
		C75CAD572087896700438E89 /* ZXPImagePickerVC.swift in Sources */ = {isa = PBXBuildFile; fileRef = C75CAD562087896700438E89 /* ZXPImagePickerVC.swift */; };
		C75CAD5920879F2100438E89 /* ZXPImagePickerUtils.swift in Sources */ = {isa = PBXBuildFile; fileRef = C75CAD5820879F2100438E89 /* ZXPImagePickerUtils.swift */; };
		C78AEB5C2088EDE5009A61DC /* DownloadAndFile.swift in Sources */ = {isa = PBXBuildFile; fileRef = C78AEB5B2088EDE5009A61DC /* DownloadAndFile.swift */; };
		C78AEB5E2089046C009A61DC /* ZXPPopupWindowTestTableViewController.swift in Sources */ = {isa = PBXBuildFile; fileRef = C78AEB5D2089046C009A61DC /* ZXPPopupWindowTestTableViewController.swift */; };
		C7C69EBE206BE496006319B4 /* DownloadAndFileController.swift in Sources */ = {isa = PBXBuildFile; fileRef = C7C69EBD206BE496006319B4 /* DownloadAndFileController.swift */; };
/* End PBXBuildFile section */

/* Begin PBXContainerItemProxy section */
		66A3A23E200760DA001D8723 /* PBXContainerItemProxy */ = {
			isa = PBXContainerItemProxy;
			containerPortal = 66A3A221200760DA001D8723 /* Project object */;
			proxyType = 1;
			remoteGlobalIDString = 66A3A228200760DA001D8723;
			remoteInfo = ZxpUtils;
		};
		66A3A249200760DA001D8723 /* PBXContainerItemProxy */ = {
			isa = PBXContainerItemProxy;
			containerPortal = 66A3A221200760DA001D8723 /* Project object */;
			proxyType = 1;
			remoteGlobalIDString = 66A3A228200760DA001D8723;
			remoteInfo = ZxpUtils;
		};
/* End PBXContainerItemProxy section */

/* Begin PBXFileReference section */
		25C8F21EC105C96A28AC6EA7 /* Pods-ZxpUtilsTests.release.xcconfig */ = {isa = PBXFileReference; includeInIndex = 1; lastKnownFileType = text.xcconfig; name = "Pods-ZxpUtilsTests.release.xcconfig"; path = "Pods/Target Support Files/Pods-ZxpUtilsTests/Pods-ZxpUtilsTests.release.xcconfig"; sourceTree = "<group>"; };
		32BD30B023458E427A92A71B /* Pods-ZxpUtils.release.xcconfig */ = {isa = PBXFileReference; includeInIndex = 1; lastKnownFileType = text.xcconfig; name = "Pods-ZxpUtils.release.xcconfig"; path = "Pods/Target Support Files/Pods-ZxpUtils/Pods-ZxpUtils.release.xcconfig"; sourceTree = "<group>"; };
		5B49F9896CF5C8C4948FB5EA /* Pods_ZxpUtils.framework */ = {isa = PBXFileReference; explicitFileType = wrapper.framework; includeInIndex = 0; path = Pods_ZxpUtils.framework; sourceTree = BUILT_PRODUCTS_DIR; };
		6607E8642073421800A4A0E5 /* TableViewUtils.swift */ = {isa = PBXFileReference; lastKnownFileType = sourcecode.swift; path = TableViewUtils.swift; sourceTree = "<group>"; };
		6607E868207353E600A4A0E5 /* ZXPImagePickerGridVC.swift */ = {isa = PBXFileReference; fileEncoding = 4; lastKnownFileType = sourcecode.swift; path = ZXPImagePickerGridVC.swift; sourceTree = "<group>"; };
		6607E86A20735D6B00A4A0E5 /* ZXPTestTableViewController.swift */ = {isa = PBXFileReference; lastKnownFileType = sourcecode.swift; path = ZXPTestTableViewController.swift; sourceTree = "<group>"; };
		6607E86C20735FB200A4A0E5 /* ImagePickerAndBrowserController.swift */ = {isa = PBXFileReference; lastKnownFileType = sourcecode.swift; path = ImagePickerAndBrowserController.swift; sourceTree = "<group>"; };
		6607E86E207372B500A4A0E5 /* ZXPImagePickerGridCell.swift */ = {isa = PBXFileReference; lastKnownFileType = sourcecode.swift; path = ZXPImagePickerGridCell.swift; sourceTree = "<group>"; };
		66294D3B20732BF7000B57D3 /* ZxpUtils.swift */ = {isa = PBXFileReference; lastKnownFileType = sourcecode.swift; path = ZxpUtils.swift; sourceTree = "<group>"; };
		66294D3E20732C72000B57D3 /* ZXPImagePickerTableVC.swift */ = {isa = PBXFileReference; lastKnownFileType = sourcecode.swift; path = ZXPImagePickerTableVC.swift; sourceTree = "<group>"; };
		66392BDB2068FDF200E67548 /* ZxpUtils-Bridging-Header.h */ = {isa = PBXFileReference; lastKnownFileType = sourcecode.c.h; path = "ZxpUtils-Bridging-Header.h"; sourceTree = "<group>"; };
		664AE9812089CBA600EB5621 /* ZXPAlertController.swift */ = {isa = PBXFileReference; lastKnownFileType = sourcecode.swift; path = ZXPAlertController.swift; sourceTree = "<group>"; };
		664AE9832089D41500EB5621 /* ZXPPopModalVc.swift */ = {isa = PBXFileReference; lastKnownFileType = sourcecode.swift; path = ZXPPopModalVc.swift; sourceTree = "<group>"; };
		668120C52069F014002FD309 /* AssetsLibrary.framework */ = {isa = PBXFileReference; lastKnownFileType = wrapper.framework; name = AssetsLibrary.framework; path = System/Library/Frameworks/AssetsLibrary.framework; sourceTree = SDKROOT; };
		668120C72069F01F002FD309 /* AVFoundation.framework */ = {isa = PBXFileReference; lastKnownFileType = wrapper.framework; name = AVFoundation.framework; path = System/Library/Frameworks/AVFoundation.framework; sourceTree = SDKROOT; };
		668120C92069F029002FD309 /* MediaPlayer.framework */ = {isa = PBXFileReference; lastKnownFileType = wrapper.framework; name = MediaPlayer.framework; path = System/Library/Frameworks/MediaPlayer.framework; sourceTree = SDKROOT; };
		6697FDD2208F07B900934249 /* TestTransitionFromViewController.swift */ = {isa = PBXFileReference; lastKnownFileType = sourcecode.swift; path = TestTransitionFromViewController.swift; sourceTree = "<group>"; };
		66A3A229200760DA001D8723 /* ZxpUtils.app */ = {isa = PBXFileReference; explicitFileType = wrapper.application; includeInIndex = 0; path = ZxpUtils.app; sourceTree = BUILT_PRODUCTS_DIR; };
		66A3A22C200760DA001D8723 /* AppDelegate.swift */ = {isa = PBXFileReference; lastKnownFileType = sourcecode.swift; path = AppDelegate.swift; sourceTree = "<group>"; };
		66A3A22E200760DA001D8723 /* ViewController.swift */ = {isa = PBXFileReference; lastKnownFileType = sourcecode.swift; path = ViewController.swift; sourceTree = "<group>"; };
		66A3A231200760DA001D8723 /* Base */ = {isa = PBXFileReference; lastKnownFileType = file.storyboard; name = Base; path = Base.lproj/Main.storyboard; sourceTree = "<group>"; };
		66A3A233200760DA001D8723 /* Assets.xcassets */ = {isa = PBXFileReference; lastKnownFileType = folder.assetcatalog; path = Assets.xcassets; sourceTree = "<group>"; };
		66A3A236200760DA001D8723 /* Base */ = {isa = PBXFileReference; lastKnownFileType = file.storyboard; name = Base; path = Base.lproj/LaunchScreen.storyboard; sourceTree = "<group>"; };
		66A3A238200760DA001D8723 /* Info.plist */ = {isa = PBXFileReference; lastKnownFileType = text.plist.xml; path = Info.plist; sourceTree = "<group>"; };
		66A3A23D200760DA001D8723 /* ZxpUtilsTests.xctest */ = {isa = PBXFileReference; explicitFileType = wrapper.cfbundle; includeInIndex = 0; path = ZxpUtilsTests.xctest; sourceTree = BUILT_PRODUCTS_DIR; };
		66A3A241200760DA001D8723 /* ZxpUtilsTests.swift */ = {isa = PBXFileReference; lastKnownFileType = sourcecode.swift; path = ZxpUtilsTests.swift; sourceTree = "<group>"; };
		66A3A243200760DA001D8723 /* Info.plist */ = {isa = PBXFileReference; lastKnownFileType = text.plist.xml; path = Info.plist; sourceTree = "<group>"; };
		66A3A248200760DA001D8723 /* ZxpUtilsUITests.xctest */ = {isa = PBXFileReference; explicitFileType = wrapper.cfbundle; includeInIndex = 0; path = ZxpUtilsUITests.xctest; sourceTree = BUILT_PRODUCTS_DIR; };
		66A3A24C200760DA001D8723 /* ZxpUtilsUITests.swift */ = {isa = PBXFileReference; lastKnownFileType = sourcecode.swift; path = ZxpUtilsUITests.swift; sourceTree = "<group>"; };
		66A3A24E200760DA001D8723 /* Info.plist */ = {isa = PBXFileReference; lastKnownFileType = text.plist.xml; path = Info.plist; sourceTree = "<group>"; };
		66C561E22074B98900C77A7E /* ZXPImagePreviewVC.swift */ = {isa = PBXFileReference; lastKnownFileType = sourcecode.swift; path = ZXPImagePreviewVC.swift; sourceTree = "<group>"; };
		66C561E42074BD4E00C77A7E /* ZXPImagePreviewGridCell.swift */ = {isa = PBXFileReference; lastKnownFileType = sourcecode.swift; path = ZXPImagePreviewGridCell.swift; sourceTree = "<group>"; };
		69F608B0CE695CAD78B3957E /* Pods-ZxpUtilsUITests.release.xcconfig */ = {isa = PBXFileReference; includeInIndex = 1; lastKnownFileType = text.xcconfig; name = "Pods-ZxpUtilsUITests.release.xcconfig"; path = "Pods/Target Support Files/Pods-ZxpUtilsUITests/Pods-ZxpUtilsUITests.release.xcconfig"; sourceTree = "<group>"; };
		8E9E9CCA6A123CAAB57F5534 /* Pods-ZxpUtilsUITests.debug.xcconfig */ = {isa = PBXFileReference; includeInIndex = 1; lastKnownFileType = text.xcconfig; name = "Pods-ZxpUtilsUITests.debug.xcconfig"; path = "Pods/Target Support Files/Pods-ZxpUtilsUITests/Pods-ZxpUtilsUITests.debug.xcconfig"; sourceTree = "<group>"; };
		946DF7778CB0C947BE7DB5FF /* Pods_ZxpUtilsTests.framework */ = {isa = PBXFileReference; explicitFileType = wrapper.framework; includeInIndex = 0; path = Pods_ZxpUtilsTests.framework; sourceTree = BUILT_PRODUCTS_DIR; };
		B7A7D9D40BD3C5F229FA56D9 /* Pods_ZxpUtilsUITests.framework */ = {isa = PBXFileReference; explicitFileType = wrapper.framework; includeInIndex = 0; path = Pods_ZxpUtilsUITests.framework; sourceTree = BUILT_PRODUCTS_DIR; };
		C33D143344B785195EC68859 /* Pods-ZxpUtils.debug.xcconfig */ = {isa = PBXFileReference; includeInIndex = 1; lastKnownFileType = text.xcconfig; name = "Pods-ZxpUtils.debug.xcconfig"; path = "Pods/Target Support Files/Pods-ZxpUtils/Pods-ZxpUtils.debug.xcconfig"; sourceTree = "<group>"; };
		C71538F52007A96E0020EC3B /* ZXPAppleImagePickerController.swift */ = {isa = PBXFileReference; fileEncoding = 4; lastKnownFileType = sourcecode.swift; path = ZXPAppleImagePickerController.swift; sourceTree = "<group>"; };
		C7229735208F7098007B5CAC /* ZXPImageBrowserVC.swift */ = {isa = PBXFileReference; lastKnownFileType = sourcecode.swift; path = ZXPImageBrowserVC.swift; sourceTree = "<group>"; };
		C75CAD562087896700438E89 /* ZXPImagePickerVC.swift */ = {isa = PBXFileReference; fileEncoding = 4; lastKnownFileType = sourcecode.swift; path = ZXPImagePickerVC.swift; sourceTree = "<group>"; };
		C75CAD5820879F2100438E89 /* ZXPImagePickerUtils.swift */ = {isa = PBXFileReference; lastKnownFileType = sourcecode.swift; path = ZXPImagePickerUtils.swift; sourceTree = "<group>"; };
		C78AEB5B2088EDE5009A61DC /* DownloadAndFile.swift */ = {isa = PBXFileReference; fileEncoding = 4; lastKnownFileType = sourcecode.swift; path = DownloadAndFile.swift; sourceTree = "<group>"; };
		C78AEB5D2089046C009A61DC /* ZXPPopupWindowTestTableViewController.swift */ = {isa = PBXFileReference; lastKnownFileType = sourcecode.swift; path = ZXPPopupWindowTestTableViewController.swift; sourceTree = "<group>"; };
		C7C69EBD206BE496006319B4 /* DownloadAndFileController.swift */ = {isa = PBXFileReference; lastKnownFileType = sourcecode.swift; path = DownloadAndFileController.swift; sourceTree = "<group>"; wrapsLines = 0; };
		D9C5CC67ABC70A1A45DC1AB4 /* Pods-ZxpUtilsTests.debug.xcconfig */ = {isa = PBXFileReference; includeInIndex = 1; lastKnownFileType = text.xcconfig; name = "Pods-ZxpUtilsTests.debug.xcconfig"; path = "Pods/Target Support Files/Pods-ZxpUtilsTests/Pods-ZxpUtilsTests.debug.xcconfig"; sourceTree = "<group>"; };
/* End PBXFileReference section */

/* Begin PBXFrameworksBuildPhase section */
		66A3A226200760DA001D8723 /* Frameworks */ = {
			isa = PBXFrameworksBuildPhase;
			buildActionMask = 2147483647;
			files = (
				668120CA2069F029002FD309 /* MediaPlayer.framework in Frameworks */,
				668120C82069F01F002FD309 /* AVFoundation.framework in Frameworks */,
				668120C62069F015002FD309 /* AssetsLibrary.framework in Frameworks */,
				85441F2E423D1CF61300A0B3 /* Pods_ZxpUtils.framework in Frameworks */,
			);
			runOnlyForDeploymentPostprocessing = 0;
		};
		66A3A23A200760DA001D8723 /* Frameworks */ = {
			isa = PBXFrameworksBuildPhase;
			buildActionMask = 2147483647;
			files = (
				48E3806DA5504511C5895F06 /* Pods_ZxpUtilsTests.framework in Frameworks */,
			);
			runOnlyForDeploymentPostprocessing = 0;
		};
		66A3A245200760DA001D8723 /* Frameworks */ = {
			isa = PBXFrameworksBuildPhase;
			buildActionMask = 2147483647;
			files = (
				6056CC6B6BA40C52D23CC4EB /* Pods_ZxpUtilsUITests.framework in Frameworks */,
			);
			runOnlyForDeploymentPostprocessing = 0;
		};
/* End PBXFrameworksBuildPhase section */

/* Begin PBXGroup section */
		10CC57E1780F314615C69B76 /* Frameworks */ = {
			isa = PBXGroup;
			children = (
				668120C92069F029002FD309 /* MediaPlayer.framework */,
				668120C72069F01F002FD309 /* AVFoundation.framework */,
				668120C52069F014002FD309 /* AssetsLibrary.framework */,
				5B49F9896CF5C8C4948FB5EA /* Pods_ZxpUtils.framework */,
				946DF7778CB0C947BE7DB5FF /* Pods_ZxpUtilsTests.framework */,
				B7A7D9D40BD3C5F229FA56D9 /* Pods_ZxpUtilsUITests.framework */,
			);
			name = Frameworks;
			sourceTree = "<group>";
		};
		66294D3D20732C54000B57D3 /* ZXPPhotoPicker */ = {
			isa = PBXGroup;
			children = (
				C75CAD562087896700438E89 /* ZXPImagePickerVC.swift */,
				C75CAD5820879F2100438E89 /* ZXPImagePickerUtils.swift */,
				66294D3E20732C72000B57D3 /* ZXPImagePickerTableVC.swift */,
				6607E868207353E600A4A0E5 /* ZXPImagePickerGridVC.swift */,
				6607E86E207372B500A4A0E5 /* ZXPImagePickerGridCell.swift */,
				66C561E22074B98900C77A7E /* ZXPImagePreviewVC.swift */,
				66C561E42074BD4E00C77A7E /* ZXPImagePreviewGridCell.swift */,
			);
			path = ZXPPhotoPicker;
			sourceTree = "<group>";
		};
		664AE9802089CB1100EB5621 /* PopupWindow */ = {
			isa = PBXGroup;
			children = (
				664AE9812089CBA600EB5621 /* ZXPAlertController.swift */,
				664AE9832089D41500EB5621 /* ZXPPopModalVc.swift */,
			);
			path = PopupWindow;
			sourceTree = "<group>";
		};
		66A3A220200760DA001D8723 = {
			isa = PBXGroup;
			children = (
				66A3A22B200760DA001D8723 /* ZxpUtils */,
				66A3A240200760DA001D8723 /* ZxpUtilsTests */,
				66A3A24B200760DA001D8723 /* ZxpUtilsUITests */,
				66A3A22A200760DA001D8723 /* Products */,
				72CE2EFA951AA47FDF77B856 /* Pods */,
				10CC57E1780F314615C69B76 /* Frameworks */,
			);
			sourceTree = "<group>";
		};
		66A3A22A200760DA001D8723 /* Products */ = {
			isa = PBXGroup;
			children = (
				66A3A229200760DA001D8723 /* ZxpUtils.app */,
				66A3A23D200760DA001D8723 /* ZxpUtilsTests.xctest */,
				66A3A248200760DA001D8723 /* ZxpUtilsUITests.xctest */,
			);
			name = Products;
			sourceTree = "<group>";
		};
		66A3A22B200760DA001D8723 /* ZxpUtils */ = {
			isa = PBXGroup;
			children = (
				C7C69EBC206BE478006319B4 /* Controller */,
				C7C96CDF20079E200029E8E1 /* utils */,
				66A3A22C200760DA001D8723 /* AppDelegate.swift */,
				66A3A22E200760DA001D8723 /* ViewController.swift */,
				66A3A230200760DA001D8723 /* Main.storyboard */,
				66A3A233200760DA001D8723 /* Assets.xcassets */,
				66A3A235200760DA001D8723 /* LaunchScreen.storyboard */,
				66A3A238200760DA001D8723 /* Info.plist */,
				66392BDB2068FDF200E67548 /* ZxpUtils-Bridging-Header.h */,
			);
			path = ZxpUtils;
			sourceTree = "<group>";
		};
		66A3A240200760DA001D8723 /* ZxpUtilsTests */ = {
			isa = PBXGroup;
			children = (
				66A3A241200760DA001D8723 /* ZxpUtilsTests.swift */,
				66A3A243200760DA001D8723 /* Info.plist */,
			);
			path = ZxpUtilsTests;
			sourceTree = "<group>";
		};
		66A3A24B200760DA001D8723 /* ZxpUtilsUITests */ = {
			isa = PBXGroup;
			children = (
				66A3A24C200760DA001D8723 /* ZxpUtilsUITests.swift */,
				66A3A24E200760DA001D8723 /* Info.plist */,
			);
			path = ZxpUtilsUITests;
			sourceTree = "<group>";
		};
		72CE2EFA951AA47FDF77B856 /* Pods */ = {
			isa = PBXGroup;
			children = (
				C33D143344B785195EC68859 /* Pods-ZxpUtils.debug.xcconfig */,
				32BD30B023458E427A92A71B /* Pods-ZxpUtils.release.xcconfig */,
				D9C5CC67ABC70A1A45DC1AB4 /* Pods-ZxpUtilsTests.debug.xcconfig */,
				25C8F21EC105C96A28AC6EA7 /* Pods-ZxpUtilsTests.release.xcconfig */,
				8E9E9CCA6A123CAAB57F5534 /* Pods-ZxpUtilsUITests.debug.xcconfig */,
				69F608B0CE695CAD78B3957E /* Pods-ZxpUtilsUITests.release.xcconfig */,
			);
			name = Pods;
			sourceTree = "<group>";
		};
		C78AEB5A2088EDE5009A61DC /* DownloadAndFile */ = {
			isa = PBXGroup;
			children = (
				C78AEB5B2088EDE5009A61DC /* DownloadAndFile.swift */,
			);
			path = DownloadAndFile;
			sourceTree = "<group>";
		};
		C7C69EBC206BE478006319B4 /* Controller */ = {
			isa = PBXGroup;
			children = (
				6607E86A20735D6B00A4A0E5 /* ZXPTestTableViewController.swift */,
				C7C69EBD206BE496006319B4 /* DownloadAndFileController.swift */,
				6607E86C20735FB200A4A0E5 /* ImagePickerAndBrowserController.swift */,
				C78AEB5D2089046C009A61DC /* ZXPPopupWindowTestTableViewController.swift */,
				6697FDD2208F07B900934249 /* TestTransitionFromViewController.swift */,
			);
			path = Controller;
			sourceTree = "<group>";
		};
		C7C96CDF20079E200029E8E1 /* utils */ = {
			isa = PBXGroup;
			children = (
				664AE9802089CB1100EB5621 /* PopupWindow */,
				C78AEB5A2088EDE5009A61DC /* DownloadAndFile */,
				66294D3D20732C54000B57D3 /* ZXPPhotoPicker */,
				C71538F52007A96E0020EC3B /* ZXPAppleImagePickerController.swift */,
				C7229735208F7098007B5CAC /* ZXPImageBrowserVC.swift */,
				66294D3B20732BF7000B57D3 /* ZxpUtils.swift */,
				6607E8642073421800A4A0E5 /* TableViewUtils.swift */,
			);
			path = utils;
			sourceTree = SOURCE_ROOT;
		};
/* End PBXGroup section */

/* Begin PBXNativeTarget section */
		66A3A228200760DA001D8723 /* ZxpUtils */ = {
			isa = PBXNativeTarget;
			buildConfigurationList = 66A3A251200760DA001D8723 /* Build configuration list for PBXNativeTarget "ZxpUtils" */;
			buildPhases = (
				7BF38F3AC6D88C00AE182193 /* [CP] Check Pods Manifest.lock */,
				66A3A225200760DA001D8723 /* Sources */,
				66A3A226200760DA001D8723 /* Frameworks */,
				66A3A227200760DA001D8723 /* Resources */,
				FC0CD957A1802A8F9F11068A /* [CP] Embed Pods Frameworks */,
				D05EDBEE76207ABFB3AC0509 /* [CP] Copy Pods Resources */,
			);
			buildRules = (
			);
			dependencies = (
			);
			name = ZxpUtils;
			productName = ZxpUtils;
			productReference = 66A3A229200760DA001D8723 /* ZxpUtils.app */;
			productType = "com.apple.product-type.application";
		};
		66A3A23C200760DA001D8723 /* ZxpUtilsTests */ = {
			isa = PBXNativeTarget;
			buildConfigurationList = 66A3A254200760DA001D8723 /* Build configuration list for PBXNativeTarget "ZxpUtilsTests" */;
			buildPhases = (
				FC23C2C039280F96663C863C /* [CP] Check Pods Manifest.lock */,
				66A3A239200760DA001D8723 /* Sources */,
				66A3A23A200760DA001D8723 /* Frameworks */,
				66A3A23B200760DA001D8723 /* Resources */,
				597AF475FAD13057E41BC35E /* [CP] Embed Pods Frameworks */,
				60C0C916FA9FB480468B14FC /* [CP] Copy Pods Resources */,
			);
			buildRules = (
			);
			dependencies = (
				66A3A23F200760DA001D8723 /* PBXTargetDependency */,
			);
			name = ZxpUtilsTests;
			productName = ZxpUtilsTests;
			productReference = 66A3A23D200760DA001D8723 /* ZxpUtilsTests.xctest */;
			productType = "com.apple.product-type.bundle.unit-test";
		};
		66A3A247200760DA001D8723 /* ZxpUtilsUITests */ = {
			isa = PBXNativeTarget;
			buildConfigurationList = 66A3A257200760DA001D8723 /* Build configuration list for PBXNativeTarget "ZxpUtilsUITests" */;
			buildPhases = (
				BE1D033A07541DB52EA28EB7 /* [CP] Check Pods Manifest.lock */,
				66A3A244200760DA001D8723 /* Sources */,
				66A3A245200760DA001D8723 /* Frameworks */,
				66A3A246200760DA001D8723 /* Resources */,
				4A3A9574EBC9A32B46DD32ED /* [CP] Embed Pods Frameworks */,
				78882BD9787DE5CECF943123 /* [CP] Copy Pods Resources */,
			);
			buildRules = (
			);
			dependencies = (
				66A3A24A200760DA001D8723 /* PBXTargetDependency */,
			);
			name = ZxpUtilsUITests;
			productName = ZxpUtilsUITests;
			productReference = 66A3A248200760DA001D8723 /* ZxpUtilsUITests.xctest */;
			productType = "com.apple.product-type.bundle.ui-testing";
		};
/* End PBXNativeTarget section */

/* Begin PBXProject section */
		66A3A221200760DA001D8723 /* Project object */ = {
			isa = PBXProject;
			attributes = {
				LastSwiftUpdateCheck = 0830;
				LastUpgradeCheck = 0920;
				ORGANIZATIONNAME = quickplain;
				TargetAttributes = {
					66A3A228200760DA001D8723 = {
						CreatedOnToolsVersion = 8.3.2;
						DevelopmentTeam = NE7UKQD83K;
						ProvisioningStyle = Automatic;
					};
					66A3A23C200760DA001D8723 = {
						CreatedOnToolsVersion = 8.3.2;
						DevelopmentTeam = NE7UKQD83K;
						ProvisioningStyle = Automatic;
						TestTargetID = 66A3A228200760DA001D8723;
					};
					66A3A247200760DA001D8723 = {
						CreatedOnToolsVersion = 8.3.2;
						DevelopmentTeam = NE7UKQD83K;
						ProvisioningStyle = Automatic;
						TestTargetID = 66A3A228200760DA001D8723;
					};
				};
			};
			buildConfigurationList = 66A3A224200760DA001D8723 /* Build configuration list for PBXProject "ZxpUtils" */;
			compatibilityVersion = "Xcode 3.2";
			developmentRegion = English;
			hasScannedForEncodings = 0;
			knownRegions = (
				en,
				Base,
			);
			mainGroup = 66A3A220200760DA001D8723;
			productRefGroup = 66A3A22A200760DA001D8723 /* Products */;
			projectDirPath = "";
			projectRoot = "";
			targets = (
				66A3A228200760DA001D8723 /* ZxpUtils */,
				66A3A23C200760DA001D8723 /* ZxpUtilsTests */,
				66A3A247200760DA001D8723 /* ZxpUtilsUITests */,
			);
		};
/* End PBXProject section */

/* Begin PBXResourcesBuildPhase section */
		66A3A227200760DA001D8723 /* Resources */ = {
			isa = PBXResourcesBuildPhase;
			buildActionMask = 2147483647;
			files = (
				66A3A237200760DA001D8723 /* LaunchScreen.storyboard in Resources */,
				66A3A234200760DA001D8723 /* Assets.xcassets in Resources */,
				66A3A232200760DA001D8723 /* Main.storyboard in Resources */,
			);
			runOnlyForDeploymentPostprocessing = 0;
		};
		66A3A23B200760DA001D8723 /* Resources */ = {
			isa = PBXResourcesBuildPhase;
			buildActionMask = 2147483647;
			files = (
			);
			runOnlyForDeploymentPostprocessing = 0;
		};
		66A3A246200760DA001D8723 /* Resources */ = {
			isa = PBXResourcesBuildPhase;
			buildActionMask = 2147483647;
			files = (
			);
			runOnlyForDeploymentPostprocessing = 0;
		};
/* End PBXResourcesBuildPhase section */

/* Begin PBXShellScriptBuildPhase section */
		4A3A9574EBC9A32B46DD32ED /* [CP] Embed Pods Frameworks */ = {
			isa = PBXShellScriptBuildPhase;
			buildActionMask = 2147483647;
			files = (
			);
			inputPaths = (
			);
			name = "[CP] Embed Pods Frameworks";
			outputPaths = (
			);
			runOnlyForDeploymentPostprocessing = 0;
			shellPath = /bin/sh;
			shellScript = "\"${SRCROOT}/Pods/Target Support Files/Pods-ZxpUtilsUITests/Pods-ZxpUtilsUITests-frameworks.sh\"\n";
			showEnvVarsInLog = 0;
		};
		597AF475FAD13057E41BC35E /* [CP] Embed Pods Frameworks */ = {
			isa = PBXShellScriptBuildPhase;
			buildActionMask = 2147483647;
			files = (
			);
			inputPaths = (
			);
			name = "[CP] Embed Pods Frameworks";
			outputPaths = (
			);
			runOnlyForDeploymentPostprocessing = 0;
			shellPath = /bin/sh;
			shellScript = "\"${SRCROOT}/Pods/Target Support Files/Pods-ZxpUtilsTests/Pods-ZxpUtilsTests-frameworks.sh\"\n";
			showEnvVarsInLog = 0;
		};
		60C0C916FA9FB480468B14FC /* [CP] Copy Pods Resources */ = {
			isa = PBXShellScriptBuildPhase;
			buildActionMask = 2147483647;
			files = (
			);
			inputPaths = (
			);
			name = "[CP] Copy Pods Resources";
			outputPaths = (
			);
			runOnlyForDeploymentPostprocessing = 0;
			shellPath = /bin/sh;
			shellScript = "\"${SRCROOT}/Pods/Target Support Files/Pods-ZxpUtilsTests/Pods-ZxpUtilsTests-resources.sh\"\n";
			showEnvVarsInLog = 0;
		};
		78882BD9787DE5CECF943123 /* [CP] Copy Pods Resources */ = {
			isa = PBXShellScriptBuildPhase;
			buildActionMask = 2147483647;
			files = (
			);
			inputPaths = (
			);
			name = "[CP] Copy Pods Resources";
			outputPaths = (
			);
			runOnlyForDeploymentPostprocessing = 0;
			shellPath = /bin/sh;
			shellScript = "\"${SRCROOT}/Pods/Target Support Files/Pods-ZxpUtilsUITests/Pods-ZxpUtilsUITests-resources.sh\"\n";
			showEnvVarsInLog = 0;
		};
		7BF38F3AC6D88C00AE182193 /* [CP] Check Pods Manifest.lock */ = {
			isa = PBXShellScriptBuildPhase;
			buildActionMask = 2147483647;
			files = (
			);
			inputPaths = (
				"${PODS_PODFILE_DIR_PATH}/Podfile.lock",
				"${PODS_ROOT}/Manifest.lock",
			);
			name = "[CP] Check Pods Manifest.lock";
			outputPaths = (
				"$(DERIVED_FILE_DIR)/Pods-ZxpUtils-checkManifestLockResult.txt",
			);
			runOnlyForDeploymentPostprocessing = 0;
			shellPath = /bin/sh;
			shellScript = "diff \"${PODS_PODFILE_DIR_PATH}/Podfile.lock\" \"${PODS_ROOT}/Manifest.lock\" > /dev/null\nif [ $? != 0 ] ; then\n    # print error to STDERR\n    echo \"error: The sandbox is not in sync with the Podfile.lock. Run 'pod install' or update your CocoaPods installation.\" >&2\n    exit 1\nfi\n# This output is used by Xcode 'outputs' to avoid re-running this script phase.\necho \"SUCCESS\" > \"${SCRIPT_OUTPUT_FILE_0}\"\n";
			showEnvVarsInLog = 0;
		};
		BE1D033A07541DB52EA28EB7 /* [CP] Check Pods Manifest.lock */ = {
			isa = PBXShellScriptBuildPhase;
			buildActionMask = 2147483647;
			files = (
			);
			inputPaths = (
				"${PODS_PODFILE_DIR_PATH}/Podfile.lock",
				"${PODS_ROOT}/Manifest.lock",
			);
			name = "[CP] Check Pods Manifest.lock";
			outputPaths = (
				"$(DERIVED_FILE_DIR)/Pods-ZxpUtilsUITests-checkManifestLockResult.txt",
			);
			runOnlyForDeploymentPostprocessing = 0;
			shellPath = /bin/sh;
			shellScript = "diff \"${PODS_PODFILE_DIR_PATH}/Podfile.lock\" \"${PODS_ROOT}/Manifest.lock\" > /dev/null\nif [ $? != 0 ] ; then\n    # print error to STDERR\n    echo \"error: The sandbox is not in sync with the Podfile.lock. Run 'pod install' or update your CocoaPods installation.\" >&2\n    exit 1\nfi\n# This output is used by Xcode 'outputs' to avoid re-running this script phase.\necho \"SUCCESS\" > \"${SCRIPT_OUTPUT_FILE_0}\"\n";
			showEnvVarsInLog = 0;
		};
		D05EDBEE76207ABFB3AC0509 /* [CP] Copy Pods Resources */ = {
			isa = PBXShellScriptBuildPhase;
			buildActionMask = 2147483647;
			files = (
			);
			inputPaths = (
			);
			name = "[CP] Copy Pods Resources";
			outputPaths = (
			);
			runOnlyForDeploymentPostprocessing = 0;
			shellPath = /bin/sh;
			shellScript = "\"${SRCROOT}/Pods/Target Support Files/Pods-ZxpUtils/Pods-ZxpUtils-resources.sh\"\n";
			showEnvVarsInLog = 0;
		};
		FC0CD957A1802A8F9F11068A /* [CP] Embed Pods Frameworks */ = {
			isa = PBXShellScriptBuildPhase;
			buildActionMask = 2147483647;
			files = (
			);
			inputPaths = (
				"${SRCROOT}/Pods/Target Support Files/Pods-ZxpUtils/Pods-ZxpUtils-frameworks.sh",
				"${BUILT_PRODUCTS_DIR}/AFNetworking/AFNetworking.framework",
				"${BUILT_PRODUCTS_DIR}/Alamofire/Alamofire.framework",
				"${BUILT_PRODUCTS_DIR}/AwesomeCache/AwesomeCache.framework",
				"${BUILT_PRODUCTS_DIR}/CGFloatType/CGFloatType.framework",
				"${BUILT_PRODUCTS_DIR}/CJWUtilsS/CJWUtilsS.framework",
				"${BUILT_PRODUCTS_DIR}/ClusterPrePermissions/ClusterPrePermissions.framework",
				"${BUILT_PRODUCTS_DIR}/CryptoSwift/CryptoSwift.framework",
				"${BUILT_PRODUCTS_DIR}/DZNEmptyDataSet/DZNEmptyDataSet.framework",
				"${BUILT_PRODUCTS_DIR}/FCFileManager/FCFileManager.framework",
				"${BUILT_PRODUCTS_DIR}/FLKAutoLayout/FLKAutoLayout.framework",
				"${BUILT_PRODUCTS_DIR}/FMDB/FMDB.framework",
				"${BUILT_PRODUCTS_DIR}/FlatUIKit/FlatUIKit.framework",
				"${BUILT_PRODUCTS_DIR}/GPUImage/GPUImage.framework",
				"${BUILT_PRODUCTS_DIR}/HMSegmentedControl/HMSegmentedControl.framework",
				"${BUILT_PRODUCTS_DIR}/HappyDNS/HappyDNS.framework",
				"${BUILT_PRODUCTS_DIR}/INTULocationManager/INTULocationManager.framework",
				"${BUILT_PRODUCTS_DIR}/JXBAdPageView/JXBAdPageView.framework",
				"${BUILT_PRODUCTS_DIR}/KLCPopup/KLCPopup.framework",
				"${BUILT_PRODUCTS_DIR}/LKDBHelper/LKDBHelper.framework",
				"${BUILT_PRODUCTS_DIR}/MBProgressHUD/MBProgressHUD.framework",
				"${BUILT_PRODUCTS_DIR}/MJExtension/MJExtension.framework",
				"${BUILT_PRODUCTS_DIR}/MJRefresh/MJRefresh.framework",
				"${BUILT_PRODUCTS_DIR}/NSDate+TimeAgo/NSDate_TimeAgo.framework",
				"${BUILT_PRODUCTS_DIR}/ObjcExceptionBridging/ObjcExceptionBridging.framework",
				"${BUILT_PRODUCTS_DIR}/PhoneNumberKit/PhoneNumberKit.framework",
				"${BUILT_PRODUCTS_DIR}/PodAsset/PodAsset.framework",
				"${BUILT_PRODUCTS_DIR}/Qiniu/Qiniu.framework",
				"${BUILT_PRODUCTS_DIR}/SDWebImage/SDWebImage.framework",
				"${BUILT_PRODUCTS_DIR}/SVProgressHUD/SVProgressHUD.framework",
				"${BUILT_PRODUCTS_DIR}/SnapKit/SnapKit.framework",
				"${BUILT_PRODUCTS_DIR}/SwiftyJSON/SwiftyJSON.framework",
				"${BUILT_PRODUCTS_DIR}/XCGLogger/XCGLogger.framework",
				"${BUILT_PRODUCTS_DIR}/iRate/iRate.framework",
				"${BUILT_PRODUCTS_DIR}/iVersion/iVersion.framework",
			);
			name = "[CP] Embed Pods Frameworks";
			outputPaths = (
				"${TARGET_BUILD_DIR}/${FRAMEWORKS_FOLDER_PATH}/AFNetworking.framework",
				"${TARGET_BUILD_DIR}/${FRAMEWORKS_FOLDER_PATH}/Alamofire.framework",
				"${TARGET_BUILD_DIR}/${FRAMEWORKS_FOLDER_PATH}/AwesomeCache.framework",
				"${TARGET_BUILD_DIR}/${FRAMEWORKS_FOLDER_PATH}/CGFloatType.framework",
				"${TARGET_BUILD_DIR}/${FRAMEWORKS_FOLDER_PATH}/CJWUtilsS.framework",
				"${TARGET_BUILD_DIR}/${FRAMEWORKS_FOLDER_PATH}/ClusterPrePermissions.framework",
				"${TARGET_BUILD_DIR}/${FRAMEWORKS_FOLDER_PATH}/CryptoSwift.framework",
				"${TARGET_BUILD_DIR}/${FRAMEWORKS_FOLDER_PATH}/DZNEmptyDataSet.framework",
				"${TARGET_BUILD_DIR}/${FRAMEWORKS_FOLDER_PATH}/FCFileManager.framework",
				"${TARGET_BUILD_DIR}/${FRAMEWORKS_FOLDER_PATH}/FLKAutoLayout.framework",
				"${TARGET_BUILD_DIR}/${FRAMEWORKS_FOLDER_PATH}/FMDB.framework",
				"${TARGET_BUILD_DIR}/${FRAMEWORKS_FOLDER_PATH}/FlatUIKit.framework",
				"${TARGET_BUILD_DIR}/${FRAMEWORKS_FOLDER_PATH}/GPUImage.framework",
				"${TARGET_BUILD_DIR}/${FRAMEWORKS_FOLDER_PATH}/HMSegmentedControl.framework",
				"${TARGET_BUILD_DIR}/${FRAMEWORKS_FOLDER_PATH}/HappyDNS.framework",
				"${TARGET_BUILD_DIR}/${FRAMEWORKS_FOLDER_PATH}/INTULocationManager.framework",
				"${TARGET_BUILD_DIR}/${FRAMEWORKS_FOLDER_PATH}/JXBAdPageView.framework",
				"${TARGET_BUILD_DIR}/${FRAMEWORKS_FOLDER_PATH}/KLCPopup.framework",
				"${TARGET_BUILD_DIR}/${FRAMEWORKS_FOLDER_PATH}/LKDBHelper.framework",
				"${TARGET_BUILD_DIR}/${FRAMEWORKS_FOLDER_PATH}/MBProgressHUD.framework",
				"${TARGET_BUILD_DIR}/${FRAMEWORKS_FOLDER_PATH}/MJExtension.framework",
				"${TARGET_BUILD_DIR}/${FRAMEWORKS_FOLDER_PATH}/MJRefresh.framework",
				"${TARGET_BUILD_DIR}/${FRAMEWORKS_FOLDER_PATH}/NSDate_TimeAgo.framework",
				"${TARGET_BUILD_DIR}/${FRAMEWORKS_FOLDER_PATH}/ObjcExceptionBridging.framework",
				"${TARGET_BUILD_DIR}/${FRAMEWORKS_FOLDER_PATH}/PhoneNumberKit.framework",
				"${TARGET_BUILD_DIR}/${FRAMEWORKS_FOLDER_PATH}/PodAsset.framework",
				"${TARGET_BUILD_DIR}/${FRAMEWORKS_FOLDER_PATH}/Qiniu.framework",
				"${TARGET_BUILD_DIR}/${FRAMEWORKS_FOLDER_PATH}/SDWebImage.framework",
				"${TARGET_BUILD_DIR}/${FRAMEWORKS_FOLDER_PATH}/SVProgressHUD.framework",
				"${TARGET_BUILD_DIR}/${FRAMEWORKS_FOLDER_PATH}/SnapKit.framework",
				"${TARGET_BUILD_DIR}/${FRAMEWORKS_FOLDER_PATH}/SwiftyJSON.framework",
				"${TARGET_BUILD_DIR}/${FRAMEWORKS_FOLDER_PATH}/XCGLogger.framework",
				"${TARGET_BUILD_DIR}/${FRAMEWORKS_FOLDER_PATH}/iRate.framework",
				"${TARGET_BUILD_DIR}/${FRAMEWORKS_FOLDER_PATH}/iVersion.framework",
			);
			runOnlyForDeploymentPostprocessing = 0;
			shellPath = /bin/sh;
			shellScript = "\"${SRCROOT}/Pods/Target Support Files/Pods-ZxpUtils/Pods-ZxpUtils-frameworks.sh\"\n";
			showEnvVarsInLog = 0;
		};
		FC23C2C039280F96663C863C /* [CP] Check Pods Manifest.lock */ = {
			isa = PBXShellScriptBuildPhase;
			buildActionMask = 2147483647;
			files = (
			);
			inputPaths = (
				"${PODS_PODFILE_DIR_PATH}/Podfile.lock",
				"${PODS_ROOT}/Manifest.lock",
			);
			name = "[CP] Check Pods Manifest.lock";
			outputPaths = (
				"$(DERIVED_FILE_DIR)/Pods-ZxpUtilsTests-checkManifestLockResult.txt",
			);
			runOnlyForDeploymentPostprocessing = 0;
			shellPath = /bin/sh;
			shellScript = "diff \"${PODS_PODFILE_DIR_PATH}/Podfile.lock\" \"${PODS_ROOT}/Manifest.lock\" > /dev/null\nif [ $? != 0 ] ; then\n    # print error to STDERR\n    echo \"error: The sandbox is not in sync with the Podfile.lock. Run 'pod install' or update your CocoaPods installation.\" >&2\n    exit 1\nfi\n# This output is used by Xcode 'outputs' to avoid re-running this script phase.\necho \"SUCCESS\" > \"${SCRIPT_OUTPUT_FILE_0}\"\n";
			showEnvVarsInLog = 0;
		};
/* End PBXShellScriptBuildPhase section */

/* Begin PBXSourcesBuildPhase section */
		66A3A225200760DA001D8723 /* Sources */ = {
			isa = PBXSourcesBuildPhase;
			buildActionMask = 2147483647;
			files = (
				6607E86B20735D6B00A4A0E5 /* ZXPTestTableViewController.swift in Sources */,
				6607E86F207372B500A4A0E5 /* ZXPImagePickerGridCell.swift in Sources */,
				C75CAD5920879F2100438E89 /* ZXPImagePickerUtils.swift in Sources */,
				66294D3C20732BF7000B57D3 /* ZxpUtils.swift in Sources */,
				C7C69EBE206BE496006319B4 /* DownloadAndFileController.swift in Sources */,
				664AE9822089CBA600EB5621 /* ZXPAlertController.swift in Sources */,
				66C561E52074BD4E00C77A7E /* ZXPImagePreviewGridCell.swift in Sources */,
				66294D3F20732C72000B57D3 /* ZXPImagePickerTableVC.swift in Sources */,
				6607E869207353E600A4A0E5 /* ZXPImagePickerGridVC.swift in Sources */,
				C75CAD572087896700438E89 /* ZXPImagePickerVC.swift in Sources */,
				66A3A22F200760DA001D8723 /* ViewController.swift in Sources */,
				66C561E32074B98900C77A7E /* ZXPImagePreviewVC.swift in Sources */,
				C78AEB5C2088EDE5009A61DC /* DownloadAndFile.swift in Sources */,
				6607E8652073421800A4A0E5 /* TableViewUtils.swift in Sources */,
				66A3A22D200760DA001D8723 /* AppDelegate.swift in Sources */,
				C7229736208F7098007B5CAC /* ZXPImageBrowserVC.swift in Sources */,
				6697FDD3208F07B900934249 /* TestTransitionFromViewController.swift in Sources */,
				6607E86D20735FB200A4A0E5 /* ImagePickerAndBrowserController.swift in Sources */,
				C71538F62007A96E0020EC3B /* ZXPAppleImagePickerController.swift in Sources */,
				664AE9842089D41500EB5621 /* ZXPPopModalVc.swift in Sources */,
				C78AEB5E2089046C009A61DC /* ZXPPopupWindowTestTableViewController.swift in Sources */,
			);
			runOnlyForDeploymentPostprocessing = 0;
		};
		66A3A239200760DA001D8723 /* Sources */ = {
			isa = PBXSourcesBuildPhase;
			buildActionMask = 2147483647;
			files = (
				66A3A242200760DA001D8723 /* ZxpUtilsTests.swift in Sources */,
			);
			runOnlyForDeploymentPostprocessing = 0;
		};
		66A3A244200760DA001D8723 /* Sources */ = {
			isa = PBXSourcesBuildPhase;
			buildActionMask = 2147483647;
			files = (
				66A3A24D200760DA001D8723 /* ZxpUtilsUITests.swift in Sources */,
			);
			runOnlyForDeploymentPostprocessing = 0;
		};
/* End PBXSourcesBuildPhase section */

/* Begin PBXTargetDependency section */
		66A3A23F200760DA001D8723 /* PBXTargetDependency */ = {
			isa = PBXTargetDependency;
			target = 66A3A228200760DA001D8723 /* ZxpUtils */;
			targetProxy = 66A3A23E200760DA001D8723 /* PBXContainerItemProxy */;
		};
		66A3A24A200760DA001D8723 /* PBXTargetDependency */ = {
			isa = PBXTargetDependency;
			target = 66A3A228200760DA001D8723 /* ZxpUtils */;
			targetProxy = 66A3A249200760DA001D8723 /* PBXContainerItemProxy */;
		};
/* End PBXTargetDependency section */

/* Begin PBXVariantGroup section */
		66A3A230200760DA001D8723 /* Main.storyboard */ = {
			isa = PBXVariantGroup;
			children = (
				66A3A231200760DA001D8723 /* Base */,
			);
			name = Main.storyboard;
			sourceTree = "<group>";
		};
		66A3A235200760DA001D8723 /* LaunchScreen.storyboard */ = {
			isa = PBXVariantGroup;
			children = (
				66A3A236200760DA001D8723 /* Base */,
			);
			name = LaunchScreen.storyboard;
			sourceTree = "<group>";
		};
/* End PBXVariantGroup section */

/* Begin XCBuildConfiguration section */
		66A3A24F200760DA001D8723 /* Debug */ = {
			isa = XCBuildConfiguration;
			buildSettings = {
				ALWAYS_SEARCH_USER_PATHS = NO;
				CLANG_ANALYZER_NONNULL = YES;
				CLANG_ANALYZER_NUMBER_OBJECT_CONVERSION = YES_AGGRESSIVE;
				CLANG_CXX_LANGUAGE_STANDARD = "gnu++0x";
				CLANG_CXX_LIBRARY = "libc++";
				CLANG_ENABLE_MODULES = YES;
				CLANG_ENABLE_OBJC_ARC = YES;
				CLANG_WARN_BLOCK_CAPTURE_AUTORELEASING = YES;
				CLANG_WARN_BOOL_CONVERSION = YES;
				CLANG_WARN_COMMA = YES;
				CLANG_WARN_CONSTANT_CONVERSION = YES;
				CLANG_WARN_DIRECT_OBJC_ISA_USAGE = YES_ERROR;
				CLANG_WARN_DOCUMENTATION_COMMENTS = YES;
				CLANG_WARN_EMPTY_BODY = YES;
				CLANG_WARN_ENUM_CONVERSION = YES;
				CLANG_WARN_INFINITE_RECURSION = YES;
				CLANG_WARN_INT_CONVERSION = YES;
				CLANG_WARN_NON_LITERAL_NULL_CONVERSION = YES;
				CLANG_WARN_OBJC_LITERAL_CONVERSION = YES;
				CLANG_WARN_OBJC_ROOT_CLASS = YES_ERROR;
				CLANG_WARN_RANGE_LOOP_ANALYSIS = YES;
				CLANG_WARN_STRICT_PROTOTYPES = YES;
				CLANG_WARN_SUSPICIOUS_MOVE = YES;
				CLANG_WARN_UNREACHABLE_CODE = YES;
				CLANG_WARN__DUPLICATE_METHOD_MATCH = YES;
				"CODE_SIGN_IDENTITY[sdk=iphoneos*]" = "iPhone Developer";
				COPY_PHASE_STRIP = NO;
				DEBUG_INFORMATION_FORMAT = dwarf;
				ENABLE_STRICT_OBJC_MSGSEND = YES;
				ENABLE_TESTABILITY = YES;
				GCC_C_LANGUAGE_STANDARD = gnu99;
				GCC_DYNAMIC_NO_PIC = NO;
				GCC_NO_COMMON_BLOCKS = YES;
				GCC_OPTIMIZATION_LEVEL = 0;
				GCC_PREPROCESSOR_DEFINITIONS = (
					"DEBUG=1",
					"$(inherited)",
				);
				GCC_WARN_64_TO_32_BIT_CONVERSION = YES;
				GCC_WARN_ABOUT_RETURN_TYPE = YES_ERROR;
				GCC_WARN_UNDECLARED_SELECTOR = YES;
				GCC_WARN_UNINITIALIZED_AUTOS = YES_AGGRESSIVE;
				GCC_WARN_UNUSED_FUNCTION = YES;
				GCC_WARN_UNUSED_VARIABLE = YES;
				IPHONEOS_DEPLOYMENT_TARGET = 10.3;
				MTL_ENABLE_DEBUG_INFO = YES;
				ONLY_ACTIVE_ARCH = YES;
				SDKROOT = iphoneos;
				SWIFT_ACTIVE_COMPILATION_CONDITIONS = DEBUG;
				SWIFT_OPTIMIZATION_LEVEL = "-Onone";
			};
			name = Debug;
		};
		66A3A250200760DA001D8723 /* Release */ = {
			isa = XCBuildConfiguration;
			buildSettings = {
				ALWAYS_SEARCH_USER_PATHS = NO;
				CLANG_ANALYZER_NONNULL = YES;
				CLANG_ANALYZER_NUMBER_OBJECT_CONVERSION = YES_AGGRESSIVE;
				CLANG_CXX_LANGUAGE_STANDARD = "gnu++0x";
				CLANG_CXX_LIBRARY = "libc++";
				CLANG_ENABLE_MODULES = YES;
				CLANG_ENABLE_OBJC_ARC = YES;
				CLANG_WARN_BLOCK_CAPTURE_AUTORELEASING = YES;
				CLANG_WARN_BOOL_CONVERSION = YES;
				CLANG_WARN_COMMA = YES;
				CLANG_WARN_CONSTANT_CONVERSION = YES;
				CLANG_WARN_DIRECT_OBJC_ISA_USAGE = YES_ERROR;
				CLANG_WARN_DOCUMENTATION_COMMENTS = YES;
				CLANG_WARN_EMPTY_BODY = YES;
				CLANG_WARN_ENUM_CONVERSION = YES;
				CLANG_WARN_INFINITE_RECURSION = YES;
				CLANG_WARN_INT_CONVERSION = YES;
				CLANG_WARN_NON_LITERAL_NULL_CONVERSION = YES;
				CLANG_WARN_OBJC_LITERAL_CONVERSION = YES;
				CLANG_WARN_OBJC_ROOT_CLASS = YES_ERROR;
				CLANG_WARN_RANGE_LOOP_ANALYSIS = YES;
				CLANG_WARN_STRICT_PROTOTYPES = YES;
				CLANG_WARN_SUSPICIOUS_MOVE = YES;
				CLANG_WARN_UNREACHABLE_CODE = YES;
				CLANG_WARN__DUPLICATE_METHOD_MATCH = YES;
				"CODE_SIGN_IDENTITY[sdk=iphoneos*]" = "iPhone Developer";
				COPY_PHASE_STRIP = NO;
				DEBUG_INFORMATION_FORMAT = "dwarf-with-dsym";
				ENABLE_NS_ASSERTIONS = NO;
				ENABLE_STRICT_OBJC_MSGSEND = YES;
				GCC_C_LANGUAGE_STANDARD = gnu99;
				GCC_NO_COMMON_BLOCKS = YES;
				GCC_WARN_64_TO_32_BIT_CONVERSION = YES;
				GCC_WARN_ABOUT_RETURN_TYPE = YES_ERROR;
				GCC_WARN_UNDECLARED_SELECTOR = YES;
				GCC_WARN_UNINITIALIZED_AUTOS = YES_AGGRESSIVE;
				GCC_WARN_UNUSED_FUNCTION = YES;
				GCC_WARN_UNUSED_VARIABLE = YES;
				IPHONEOS_DEPLOYMENT_TARGET = 10.3;
				MTL_ENABLE_DEBUG_INFO = NO;
				SDKROOT = iphoneos;
				SWIFT_OPTIMIZATION_LEVEL = "-Owholemodule";
				VALIDATE_PRODUCT = YES;
			};
			name = Release;
		};
		66A3A252200760DA001D8723 /* Debug */ = {
			isa = XCBuildConfiguration;
			baseConfigurationReference = C33D143344B785195EC68859 /* Pods-ZxpUtils.debug.xcconfig */;
			buildSettings = {
				ASSETCATALOG_COMPILER_APPICON_NAME = AppIcon;
				DEVELOPMENT_TEAM = NE7UKQD83K;
				INFOPLIST_FILE = ZxpUtils/Info.plist;
				LD_RUNPATH_SEARCH_PATHS = "$(inherited) @executable_path/Frameworks";
				PRODUCT_BUNDLE_IDENTIFIER = com.zxpeng.app.ZxpUtils;
				PRODUCT_NAME = "$(TARGET_NAME)";
				SWIFT_OBJC_BRIDGING_HEADER = "ZxpUtils/ZxpUtils-Bridging-Header.h";
				SWIFT_VERSION = 3.0;
			};
			name = Debug;
		};
		66A3A253200760DA001D8723 /* Release */ = {
			isa = XCBuildConfiguration;
			baseConfigurationReference = 32BD30B023458E427A92A71B /* Pods-ZxpUtils.release.xcconfig */;
			buildSettings = {
				ASSETCATALOG_COMPILER_APPICON_NAME = AppIcon;
				DEVELOPMENT_TEAM = NE7UKQD83K;
				INFOPLIST_FILE = ZxpUtils/Info.plist;
				LD_RUNPATH_SEARCH_PATHS = "$(inherited) @executable_path/Frameworks";
				PRODUCT_BUNDLE_IDENTIFIER = com.zxpeng.app.ZxpUtils;
				PRODUCT_NAME = "$(TARGET_NAME)";
				SWIFT_OBJC_BRIDGING_HEADER = "ZxpUtils/ZxpUtils-Bridging-Header.h";
				SWIFT_VERSION = 3.0;
			};
			name = Release;
		};
		66A3A255200760DA001D8723 /* Debug */ = {
			isa = XCBuildConfiguration;
			baseConfigurationReference = D9C5CC67ABC70A1A45DC1AB4 /* Pods-ZxpUtilsTests.debug.xcconfig */;
			buildSettings = {
				ALWAYS_EMBED_SWIFT_STANDARD_LIBRARIES = YES;
				BUNDLE_LOADER = "$(TEST_HOST)";
				DEVELOPMENT_TEAM = NE7UKQD83K;
				INFOPLIST_FILE = ZxpUtilsTests/Info.plist;
				LD_RUNPATH_SEARCH_PATHS = "$(inherited) @executable_path/Frameworks @loader_path/Frameworks";
				PRODUCT_BUNDLE_IDENTIFIER = com.zxpeng.app.ZxpUtilsTests;
				PRODUCT_NAME = "$(TARGET_NAME)";
				SWIFT_VERSION = 3.0;
				TEST_HOST = "$(BUILT_PRODUCTS_DIR)/ZxpUtils.app/ZxpUtils";
			};
			name = Debug;
		};
		66A3A256200760DA001D8723 /* Release */ = {
			isa = XCBuildConfiguration;
			baseConfigurationReference = 25C8F21EC105C96A28AC6EA7 /* Pods-ZxpUtilsTests.release.xcconfig */;
			buildSettings = {
				ALWAYS_EMBED_SWIFT_STANDARD_LIBRARIES = YES;
				BUNDLE_LOADER = "$(TEST_HOST)";
				DEVELOPMENT_TEAM = NE7UKQD83K;
				INFOPLIST_FILE = ZxpUtilsTests/Info.plist;
				LD_RUNPATH_SEARCH_PATHS = "$(inherited) @executable_path/Frameworks @loader_path/Frameworks";
				PRODUCT_BUNDLE_IDENTIFIER = com.zxpeng.app.ZxpUtilsTests;
				PRODUCT_NAME = "$(TARGET_NAME)";
				SWIFT_VERSION = 3.0;
				TEST_HOST = "$(BUILT_PRODUCTS_DIR)/ZxpUtils.app/ZxpUtils";
			};
			name = Release;
		};
		66A3A258200760DA001D8723 /* Debug */ = {
			isa = XCBuildConfiguration;
			baseConfigurationReference = 8E9E9CCA6A123CAAB57F5534 /* Pods-ZxpUtilsUITests.debug.xcconfig */;
			buildSettings = {
				ALWAYS_EMBED_SWIFT_STANDARD_LIBRARIES = YES;
				DEVELOPMENT_TEAM = NE7UKQD83K;
				INFOPLIST_FILE = ZxpUtilsUITests/Info.plist;
				LD_RUNPATH_SEARCH_PATHS = "$(inherited) @executable_path/Frameworks @loader_path/Frameworks";
				PRODUCT_BUNDLE_IDENTIFIER = com.zxpeng.app.ZxpUtilsUITests;
				PRODUCT_NAME = "$(TARGET_NAME)";
				SWIFT_VERSION = 3.0;
				TEST_TARGET_NAME = ZxpUtils;
			};
			name = Debug;
		};
		66A3A259200760DA001D8723 /* Release */ = {
			isa = XCBuildConfiguration;
			baseConfigurationReference = 69F608B0CE695CAD78B3957E /* Pods-ZxpUtilsUITests.release.xcconfig */;
			buildSettings = {
				ALWAYS_EMBED_SWIFT_STANDARD_LIBRARIES = YES;
				DEVELOPMENT_TEAM = NE7UKQD83K;
				INFOPLIST_FILE = ZxpUtilsUITests/Info.plist;
				LD_RUNPATH_SEARCH_PATHS = "$(inherited) @executable_path/Frameworks @loader_path/Frameworks";
				PRODUCT_BUNDLE_IDENTIFIER = com.zxpeng.app.ZxpUtilsUITests;
				PRODUCT_NAME = "$(TARGET_NAME)";
				SWIFT_VERSION = 3.0;
				TEST_TARGET_NAME = ZxpUtils;
			};
			name = Release;
		};
/* End XCBuildConfiguration section */

/* Begin XCConfigurationList section */
		66A3A224200760DA001D8723 /* Build configuration list for PBXProject "ZxpUtils" */ = {
			isa = XCConfigurationList;
			buildConfigurations = (
				66A3A24F200760DA001D8723 /* Debug */,
				66A3A250200760DA001D8723 /* Release */,
			);
			defaultConfigurationIsVisible = 0;
			defaultConfigurationName = Release;
		};
		66A3A251200760DA001D8723 /* Build configuration list for PBXNativeTarget "ZxpUtils" */ = {
			isa = XCConfigurationList;
			buildConfigurations = (
				66A3A252200760DA001D8723 /* Debug */,
				66A3A253200760DA001D8723 /* Release */,
			);
			defaultConfigurationIsVisible = 0;
			defaultConfigurationName = Release;
		};
		66A3A254200760DA001D8723 /* Build configuration list for PBXNativeTarget "ZxpUtilsTests" */ = {
			isa = XCConfigurationList;
			buildConfigurations = (
				66A3A255200760DA001D8723 /* Debug */,
				66A3A256200760DA001D8723 /* Release */,
			);
			defaultConfigurationIsVisible = 0;
			defaultConfigurationName = Release;
		};
		66A3A257200760DA001D8723 /* Build configuration list for PBXNativeTarget "ZxpUtilsUITests" */ = {
			isa = XCConfigurationList;
			buildConfigurations = (
				66A3A258200760DA001D8723 /* Debug */,
				66A3A259200760DA001D8723 /* Release */,
			);
			defaultConfigurationIsVisible = 0;
			defaultConfigurationName = Release;
		};
/* End XCConfigurationList section */
	};
	rootObject = 66A3A221200760DA001D8723 /* Project object */;
}
